{
    "_meta": {
        "hash": {
            "sha256": "af73a8aef395db13c208d57aa1987064770f79f7500c61b6bd606b91bf3638db"
        },
        "pipfile-spec": 6,
        "requires": {
            "python_version": "^3.6"
        },
        "sources": [
            {
                "name": "pypi",
                "url": "https://pypi.org/simple",
                "verify_ssl": true
            }
        ]
    },
    "default": {
        "aioconsole": {
            "hashes": [
                "sha256:a0288be63d47ec5fd153f284477a1c9327c8f8e6b193d7cf0b2a8d1576a31589",
                "sha256:c8ddd9fd21db71ea51fb9b0d20d21d11c409c92988edf07c935d705fa60e026b"
            ],
            "index": "pypi",
            "version": "==0.5.1"
        }
    },
    "develop": {}
}
